
Microsoft Visual Studio Solution File, Format Version 12.00
Project("{FAE04EC0-301F-11D3-BF4B-00C04F79EFBC}") = "SPCaemucals", "SPCaemucals\SPCaemucals.csproj", "{2C05FF76-20FF-4D60-AC9A-58124D99235A}"
EndProject
Project("{FAE04EC0-301F-11D3-BF4B-00C04F79EFBC}") = "SPCaemucals.Data", "SPCaemucals.Data\SPCaemucals.Data.csproj", "{47EB2AD6-271D-42AB-9ABA-3217B5C51994}"
EndProject
Global
	GlobalSection(SolutionConfigurationPlatforms) = preSolution
		Debug|Any CPU = Debug|Any CPU
		Release|Any CPU = Release|Any CPU
	EndGlobalSection
	GlobalSection(ProjectConfigurationPlatforms) = postSolution
		{2C05FF76-20FF-4D60-AC9A-58124D99235A}.Debug|Any CPU.ActiveCfg = Debug|Any CPU
		{2C05FF76-20FF-4D60-AC9A-58124D99235A}.Debug|Any CPU.Build.0 = Debug|Any CPU
		{2C05FF76-20FF-4D60-AC9A-58124D99235A}.Release|Any CPU.ActiveCfg = Release|Any CPU
		{2C05FF76-20FF-4D60-AC9A-58124D99235A}.Release|Any CPU.Build.0 = Release|Any CPU
		{47EB2AD6-271D-42AB-9ABA-3217B5C51994}.Debug|Any CPU.ActiveCfg = Debug|Any CPU
		{47EB2AD6-271D-42AB-9ABA-3217B5C51994}.Debug|Any CPU.Build.0 = Debug|Any CPU
		{47EB2AD6-271D-42AB-9ABA-3217B5C51994}.Release|Any CPU.ActiveCfg = Release|Any CPU
		{47EB2AD6-271D-42AB-9ABA-3217B5C51994}.Release|Any CPU.Build.0 = Release|Any CPU
	EndGlobalSection
EndGlobal
